github.com/gorilla/mux v1.8.1 h1:TuBL49tXwgrFYWhqrNgrUNEY92u81SPhu7sTdzQEiWY=
github.com/gorilla/mux v1.8.1/go.mod h1:AKf9I4AEqPTmMytcMc0KkNouC66V3BtZ4qD5fmWSiMQ=
github.com/sionpixley/PolyNode v0.10.0 h1:9v7zyRisDmIQBFViUcgFkxwc5t46XswLPGsyq0lZ+mU=
github.com/sionpixley/PolyNode v0.10.0/go.mod h1:4amztYEQChGivYeXbV1Zy0/nrA6bIm7esi8+TBhS7IQ=
